// !$*UTF8*$!
{
	archiveVersion = 1;
	classes = {
	};
	objectVersion = 46;
	objects = {

/* Begin PBXBuildFile section */
		9C0D680B142194C00027BC0F /* HelperFunctions.m in Sources */ = {isa = PBXBuildFile; fileRef = 9C0D680A142194C00027BC0F /* HelperFunctions.m */; };
		9C0D680E1421A8880027BC0F /* VenueCheckinsDataGetter.m in Sources */ = {isa = PBXBuildFile; fileRef = 9C0D680D1421A8880027BC0F /* VenueCheckinsDataGetter.m */; };
		9C15EA261423A635000CED8F /* VenmoUsernameGetter.m in Sources */ = {isa = PBXBuildFile; fileRef = 9C15EA251423A635000CED8F /* VenmoUsernameGetter.m */; };
		9C4179781422E88400D117CE /* UserDetailDataGetter.m in Sources */ = {isa = PBXBuildFile; fileRef = 9C4179771422E88400D117CE /* UserDetailDataGetter.m */; };
		9C41797B1422F9C800D117CE /* libVenmo.a in Frameworks */ = {isa = PBXBuildFile; fileRef = 9CC702ED142280AB00E7D0B8 /* libVenmo.a */; };
		9C89559D14193B1400F146A5 /* UIKit.framework in Frameworks */ = {isa = PBXBuildFile; fileRef = 9C89559C14193B1400F146A5 /* UIKit.framework */; };
		9C89559F14193B1400F146A5 /* Foundation.framework in Frameworks */ = {isa = PBXBuildFile; fileRef = 9C89559E14193B1400F146A5 /* Foundation.framework */; };
		9C8955A714193B1500F146A5 /* main.m in Sources */ = {isa = PBXBuildFile; fileRef = 9C8955A614193B1500F146A5 /* main.m */; };
		9C8955AB14193B1500F146A5 /* AppDelegate.m in Sources */ = {isa = PBXBuildFile; fileRef = 9C8955AA14193B1500F146A5 /* AppDelegate.m */; };
		9C8955B914193B1500F146A5 /* SenTestingKit.framework in Frameworks */ = {isa = PBXBuildFile; fileRef = 9C8955B814193B1500F146A5 /* SenTestingKit.framework */; };
		9C8955BA14193B1500F146A5 /* UIKit.framework in Frameworks */ = {isa = PBXBuildFile; fileRef = 9C89559C14193B1400F146A5 /* UIKit.framework */; };
		9C8955BB14193B1500F146A5 /* Foundation.framework in Frameworks */ = {isa = PBXBuildFile; fileRef = 9C89559E14193B1400F146A5 /* Foundation.framework */; };
		9C8955C614193B1500F146A5 /* DrinksOnMeTests.m in Sources */ = {isa = PBXBuildFile; fileRef = 9C8955C514193B1500F146A5 /* DrinksOnMeTests.m */; };
		9C8955E814193F2600F146A5 /* NavigationController.m in Sources */ = {isa = PBXBuildFile; fileRef = 9C8955E714193F2600F146A5 /* NavigationController.m */; };
		9C8955F6141944AC00F146A5 /* FriendsViewController.m in Sources */ = {isa = PBXBuildFile; fileRef = 9C8955F5141944AC00F146A5 /* FriendsViewController.m */; };
		9C8955F9141944D100F146A5 /* VenueViewController.m in Sources */ = {isa = PBXBuildFile; fileRef = 9C8955F8141944D100F146A5 /* VenueViewController.m */; };
		9C8955FC1419474D00F146A5 /* LoginViewController.m in Sources */ = {isa = PBXBuildFile; fileRef = 9C8955FB1419474C00F146A5 /* LoginViewController.m */; };
		9CA98F61141FFBFF00E5E7F3 /* FriendsCell.m in Sources */ = {isa = PBXBuildFile; fileRef = 9CA98F60141FFBFF00E5E7F3 /* FriendsCell.m */; };
		9CA98F64141FFEEE00E5E7F3 /* User.m in Sources */ = {isa = PBXBuildFile; fileRef = 9CA98F63141FFEEE00E5E7F3 /* User.m */; };
		9CA98F9814200CAC00E5E7F3 /* FriendDataGetter.m in Sources */ = {isa = PBXBuildFile; fileRef = 9CA98F9714200CAC00E5E7F3 /* FriendDataGetter.m */; };
		9CF817671421462B00D95E24 /* NSObject+SBJson.m in Sources */ = {isa = PBXBuildFile; fileRef = 9CF8174F1421462B00D95E24 /* NSObject+SBJson.m */; settings = {COMPILER_FLAGS = "-fno-objc-arc"; }; };
		9CF817681421462B00D95E24 /* SBJsonParser.m in Sources */ = {isa = PBXBuildFile; fileRef = 9CF817521421462B00D95E24 /* SBJsonParser.m */; settings = {COMPILER_FLAGS = "-fno-objc-arc"; }; };
		9CF817691421462B00D95E24 /* SBJsonStreamParser.m in Sources */ = {isa = PBXBuildFile; fileRef = 9CF817541421462B00D95E24 /* SBJsonStreamParser.m */; settings = {COMPILER_FLAGS = "-fno-objc-arc"; }; };
		9CF8176A1421462B00D95E24 /* SBJsonStreamParserAccumulator.m in Sources */ = {isa = PBXBuildFile; fileRef = 9CF817561421462B00D95E24 /* SBJsonStreamParserAccumulator.m */; settings = {COMPILER_FLAGS = "-fno-objc-arc"; }; };
		9CF8176B1421462B00D95E24 /* SBJsonStreamParserAdapter.m in Sources */ = {isa = PBXBuildFile; fileRef = 9CF817581421462B00D95E24 /* SBJsonStreamParserAdapter.m */; settings = {COMPILER_FLAGS = "-fno-objc-arc"; }; };
		9CF8176C1421462B00D95E24 /* SBJsonStreamParserState.m in Sources */ = {isa = PBXBuildFile; fileRef = 9CF8175A1421462B00D95E24 /* SBJsonStreamParserState.m */; settings = {COMPILER_FLAGS = "-fno-objc-arc"; }; };
		9CF8176D1421462B00D95E24 /* SBJsonStreamWriter.m in Sources */ = {isa = PBXBuildFile; fileRef = 9CF8175C1421462B00D95E24 /* SBJsonStreamWriter.m */; settings = {COMPILER_FLAGS = "-fno-objc-arc"; }; };
		9CF8176E1421462B00D95E24 /* SBJsonStreamWriterAccumulator.m in Sources */ = {isa = PBXBuildFile; fileRef = 9CF8175E1421462B00D95E24 /* SBJsonStreamWriterAccumulator.m */; settings = {COMPILER_FLAGS = "-fno-objc-arc"; }; };
		9CF8176F1421462B00D95E24 /* SBJsonStreamWriterState.m in Sources */ = {isa = PBXBuildFile; fileRef = 9CF817601421462B00D95E24 /* SBJsonStreamWriterState.m */; settings = {COMPILER_FLAGS = "-fno-objc-arc"; }; };
		9CF817701421462B00D95E24 /* SBJsonTokeniser.m in Sources */ = {isa = PBXBuildFile; fileRef = 9CF817621421462B00D95E24 /* SBJsonTokeniser.m */; settings = {COMPILER_FLAGS = "-fno-objc-arc"; }; };
		9CF817711421462B00D95E24 /* SBJsonUTF8Stream.m in Sources */ = {isa = PBXBuildFile; fileRef = 9CF817641421462B00D95E24 /* SBJsonUTF8Stream.m */; settings = {COMPILER_FLAGS = "-fno-objc-arc"; }; };
		9CF817721421462B00D95E24 /* SBJsonWriter.m in Sources */ = {isa = PBXBuildFile; fileRef = 9CF817661421462B00D95E24 /* SBJsonWriter.m */; settings = {COMPILER_FLAGS = "-fno-objc-arc"; }; };
		C93E83A8142431A9001FD5CE /* Icon.png in Resources */ = {isa = PBXBuildFile; fileRef = C93E83A6142431A9001FD5CE /* Icon.png */; };
		C93E83A9142431A9001FD5CE /* Icon@2x.png in Resources */ = {isa = PBXBuildFile; fileRef = C93E83A7142431A9001FD5CE /* Icon@2x.png */; };
/* End PBXBuildFile section */

/* Begin PBXContainerItemProxy section */
		9C4179791422F8B900D117CE /* PBXContainerItemProxy */ = {
			isa = PBXContainerItemProxy;
			containerPortal = 9CC702C714227F2300E7D0B8 /* Venmo.xcodeproj */;
			proxyType = 1;
			remoteGlobalIDString = C9BD6C6913EEE06400F4D8F4;
			remoteInfo = Venmo;
		};
		9C8955BC14193B1500F146A5 /* PBXContainerItemProxy */ = {
			isa = PBXContainerItemProxy;
			containerPortal = 9C89558F14193B1400F146A5 /* Project object */;
			proxyType = 1;
			remoteGlobalIDString = 9C89559714193B1400F146A5;
			remoteInfo = DrinksOnMe;
		};
		9CC702EC142280AB00E7D0B8 /* PBXContainerItemProxy */ = {
			isa = PBXContainerItemProxy;
			containerPortal = 9CC702C714227F2300E7D0B8 /* Venmo.xcodeproj */;
			proxyType = 2;
			remoteGlobalIDString = C9BD6C6A13EEE06400F4D8F4;
			remoteInfo = Venmo;
		};
		9CC702EE142280AB00E7D0B8 /* PBXContainerItemProxy */ = {
			isa = PBXContainerItemProxy;
			containerPortal = 9CC702C714227F2300E7D0B8 /* Venmo.xcodeproj */;
			proxyType = 2;
			remoteGlobalIDString = C9BD6C7A13EEE06400F4D8F4;
			remoteInfo = VenmoSpecs;
		};
		9CC702F0142280AB00E7D0B8 /* PBXContainerItemProxy */ = {
			isa = PBXContainerItemProxy;
			containerPortal = 9CC702C714227F2300E7D0B8 /* Venmo.xcodeproj */;
			proxyType = 2;
			remoteGlobalIDString = C9550E7613F5C48900212008;
			remoteInfo = VenmoApp;
		};
/* End PBXContainerItemProxy section */

/* Begin PBXFileReference section */
		9C0D6809142194C00027BC0F /* HelperFunctions.h */ = {isa = PBXFileReference; fileEncoding = 4; lastKnownFileType = sourcecode.c.h; path = HelperFunctions.h; sourceTree = "<group>"; };
		9C0D680A142194C00027BC0F /* HelperFunctions.m */ = {isa = PBXFileReference; fileEncoding = 4; lastKnownFileType = sourcecode.c.objc; path = HelperFunctions.m; sourceTree = "<group>"; };
		9C0D680C1421A8880027BC0F /* VenueCheckinsDataGetter.h */ = {isa = PBXFileReference; fileEncoding = 4; lastKnownFileType = sourcecode.c.h; path = VenueCheckinsDataGetter.h; sourceTree = "<group>"; };
		9C0D680D1421A8880027BC0F /* VenueCheckinsDataGetter.m */ = {isa = PBXFileReference; fileEncoding = 4; lastKnownFileType = sourcecode.c.objc; path = VenueCheckinsDataGetter.m; sourceTree = "<group>"; };
		9C15EA241423A635000CED8F /* VenmoUsernameGetter.h */ = {isa = PBXFileReference; fileEncoding = 4; lastKnownFileType = sourcecode.c.h; path = VenmoUsernameGetter.h; sourceTree = "<group>"; };
		9C15EA251423A635000CED8F /* VenmoUsernameGetter.m */ = {isa = PBXFileReference; fileEncoding = 4; lastKnownFileType = sourcecode.c.objc; path = VenmoUsernameGetter.m; sourceTree = "<group>"; };
		9C4179681422D6A200D117CE /* AppConstants.h */ = {isa = PBXFileReference; fileEncoding = 4; lastKnownFileType = sourcecode.c.h; path = AppConstants.h; sourceTree = "<group>"; };
		9C4179761422E88400D117CE /* UserDetailDataGetter.h */ = {isa = PBXFileReference; fileEncoding = 4; lastKnownFileType = sourcecode.c.h; path = UserDetailDataGetter.h; sourceTree = "<group>"; };
		9C4179771422E88400D117CE /* UserDetailDataGetter.m */ = {isa = PBXFileReference; fileEncoding = 4; lastKnownFileType = sourcecode.c.objc; path = UserDetailDataGetter.m; sourceTree = "<group>"; };
		9C5AE2B0141C06F900FD2BE0 /* FriendsView.xib */ = {isa = PBXFileReference; fileEncoding = 4; lastKnownFileType = file.xib; path = FriendsView.xib; sourceTree = "<group>"; };
		9C89559814193B1400F146A5 /* DrinksOnMe.app */ = {isa = PBXFileReference; explicitFileType = wrapper.application; includeInIndex = 0; path = DrinksOnMe.app; sourceTree = BUILT_PRODUCTS_DIR; };
		9C89559C14193B1400F146A5 /* UIKit.framework */ = {isa = PBXFileReference; lastKnownFileType = wrapper.framework; name = UIKit.framework; path = System/Library/Frameworks/UIKit.framework; sourceTree = SDKROOT; };
		9C89559E14193B1400F146A5 /* Foundation.framework */ = {isa = PBXFileReference; lastKnownFileType = wrapper.framework; name = Foundation.framework; path = System/Library/Frameworks/Foundation.framework; sourceTree = SDKROOT; };
		9C8955A214193B1500F146A5 /* DrinksOnMe-Info.plist */ = {isa = PBXFileReference; lastKnownFileType = text.plist.xml; path = "DrinksOnMe-Info.plist"; sourceTree = "<group>"; };
		9C8955A614193B1500F146A5 /* main.m */ = {isa = PBXFileReference; lastKnownFileType = sourcecode.c.objc; path = main.m; sourceTree = "<group>"; };
		9C8955A814193B1500F146A5 /* DrinksOnMe-Prefix.pch */ = {isa = PBXFileReference; lastKnownFileType = sourcecode.c.h; path = "DrinksOnMe-Prefix.pch"; sourceTree = "<group>"; };
		9C8955A914193B1500F146A5 /* AppDelegate.h */ = {isa = PBXFileReference; lastKnownFileType = sourcecode.c.h; path = AppDelegate.h; sourceTree = "<group>"; };
		9C8955AA14193B1500F146A5 /* AppDelegate.m */ = {isa = PBXFileReference; lastKnownFileType = sourcecode.c.objc; lineEnding = 0; path = AppDelegate.m; sourceTree = "<group>"; xcLanguageSpecificationIdentifier = xcode.lang.objc; };
		9C8955B714193B1500F146A5 /* DrinksOnMeTests.octest */ = {isa = PBXFileReference; explicitFileType = wrapper.cfbundle; includeInIndex = 0; path = DrinksOnMeTests.octest; sourceTree = BUILT_PRODUCTS_DIR; };
		9C8955B814193B1500F146A5 /* SenTestingKit.framework */ = {isa = PBXFileReference; lastKnownFileType = wrapper.framework; name = SenTestingKit.framework; path = Library/Frameworks/SenTestingKit.framework; sourceTree = DEVELOPER_DIR; };
		9C8955C014193B1500F146A5 /* DrinksOnMeTests-Info.plist */ = {isa = PBXFileReference; lastKnownFileType = text.plist.xml; path = "DrinksOnMeTests-Info.plist"; sourceTree = "<group>"; };
		9C8955C414193B1500F146A5 /* DrinksOnMeTests.h */ = {isa = PBXFileReference; lastKnownFileType = sourcecode.c.h; path = DrinksOnMeTests.h; sourceTree = "<group>"; };
		9C8955C514193B1500F146A5 /* DrinksOnMeTests.m */ = {isa = PBXFileReference; lastKnownFileType = sourcecode.c.objc; path = DrinksOnMeTests.m; sourceTree = "<group>"; };
		9C8955E614193F2600F146A5 /* NavigationController.h */ = {isa = PBXFileReference; fileEncoding = 4; lastKnownFileType = sourcecode.c.h; path = NavigationController.h; sourceTree = "<group>"; };
		9C8955E714193F2600F146A5 /* NavigationController.m */ = {isa = PBXFileReference; fileEncoding = 4; lastKnownFileType = sourcecode.c.objc; path = NavigationController.m; sourceTree = "<group>"; };
		9C8955F4141944AC00F146A5 /* FriendsViewController.h */ = {isa = PBXFileReference; fileEncoding = 4; lastKnownFileType = sourcecode.c.h; path = FriendsViewController.h; sourceTree = "<group>"; };
		9C8955F5141944AC00F146A5 /* FriendsViewController.m */ = {isa = PBXFileReference; fileEncoding = 4; lastKnownFileType = sourcecode.c.objc; path = FriendsViewController.m; sourceTree = "<group>"; };
		9C8955F7141944D100F146A5 /* VenueViewController.h */ = {isa = PBXFileReference; fileEncoding = 4; lastKnownFileType = sourcecode.c.h; path = VenueViewController.h; sourceTree = "<group>"; };
		9C8955F8141944D100F146A5 /* VenueViewController.m */ = {isa = PBXFileReference; fileEncoding = 4; lastKnownFileType = sourcecode.c.objc; path = VenueViewController.m; sourceTree = "<group>"; };
		9C8955FA1419474C00F146A5 /* LoginViewController.h */ = {isa = PBXFileReference; fileEncoding = 4; lastKnownFileType = sourcecode.c.h; path = LoginViewController.h; sourceTree = "<group>"; };
		9C8955FB1419474C00F146A5 /* LoginViewController.m */ = {isa = PBXFileReference; fileEncoding = 4; lastKnownFileType = sourcecode.c.objc; path = LoginViewController.m; sourceTree = "<group>"; };
		9C99D207142431CD006FE8CA /* README.md */ = {isa = PBXFileReference; fileEncoding = 4; lastKnownFileType = text; path = README.md; sourceTree = "<group>"; };
		9CA98F5F141FFBFF00E5E7F3 /* FriendsCell.h */ = {isa = PBXFileReference; fileEncoding = 4; lastKnownFileType = sourcecode.c.h; name = FriendsCell.h; path = Views/FriendsCell.h; sourceTree = "<group>"; };
		9CA98F60141FFBFF00E5E7F3 /* FriendsCell.m */ = {isa = PBXFileReference; fileEncoding = 4; lastKnownFileType = sourcecode.c.objc; name = FriendsCell.m; path = Views/FriendsCell.m; sourceTree = "<group>"; };
		9CA98F62141FFEEE00E5E7F3 /* User.h */ = {isa = PBXFileReference; fileEncoding = 4; lastKnownFileType = sourcecode.c.h; path = User.h; sourceTree = "<group>"; };
		9CA98F63141FFEEE00E5E7F3 /* User.m */ = {isa = PBXFileReference; fileEncoding = 4; lastKnownFileType = sourcecode.c.objc; path = User.m; sourceTree = "<group>"; };
		9CA98F9614200CAC00E5E7F3 /* FriendDataGetter.h */ = {isa = PBXFileReference; fileEncoding = 4; lastKnownFileType = sourcecode.c.h; path = FriendDataGetter.h; sourceTree = "<group>"; };
		9CA98F9714200CAC00E5E7F3 /* FriendDataGetter.m */ = {isa = PBXFileReference; fileEncoding = 4; lastKnownFileType = sourcecode.c.objc; path = FriendDataGetter.m; sourceTree = "<group>"; };
		9CC702C714227F2300E7D0B8 /* Venmo.xcodeproj */ = {isa = PBXFileReference; lastKnownFileType = "wrapper.pb-project"; name = Venmo.xcodeproj; path = Venmo/Venmo.xcodeproj; sourceTree = "<group>"; };
		9CF8174E1421462B00D95E24 /* NSObject+SBJson.h */ = {isa = PBXFileReference; fileEncoding = 4; lastKnownFileType = sourcecode.c.h; path = "NSObject+SBJson.h"; sourceTree = "<group>"; };
		9CF8174F1421462B00D95E24 /* NSObject+SBJson.m */ = {isa = PBXFileReference; fileEncoding = 4; lastKnownFileType = sourcecode.c.objc; path = "NSObject+SBJson.m"; sourceTree = "<group>"; };
		9CF817501421462B00D95E24 /* SBJson.h */ = {isa = PBXFileReference; fileEncoding = 4; lastKnownFileType = sourcecode.c.h; path = SBJson.h; sourceTree = "<group>"; };
		9CF817511421462B00D95E24 /* SBJsonParser.h */ = {isa = PBXFileReference; fileEncoding = 4; lastKnownFileType = sourcecode.c.h; path = SBJsonParser.h; sourceTree = "<group>"; };
		9CF817521421462B00D95E24 /* SBJsonParser.m */ = {isa = PBXFileReference; fileEncoding = 4; lastKnownFileType = sourcecode.c.objc; path = SBJsonParser.m; sourceTree = "<group>"; };
		9CF817531421462B00D95E24 /* SBJsonStreamParser.h */ = {isa = PBXFileReference; fileEncoding = 4; lastKnownFileType = sourcecode.c.h; path = SBJsonStreamParser.h; sourceTree = "<group>"; };
		9CF817541421462B00D95E24 /* SBJsonStreamParser.m */ = {isa = PBXFileReference; fileEncoding = 4; lastKnownFileType = sourcecode.c.objc; path = SBJsonStreamParser.m; sourceTree = "<group>"; };
		9CF817551421462B00D95E24 /* SBJsonStreamParserAccumulator.h */ = {isa = PBXFileReference; fileEncoding = 4; lastKnownFileType = sourcecode.c.h; path = SBJsonStreamParserAccumulator.h; sourceTree = "<group>"; };
		9CF817561421462B00D95E24 /* SBJsonStreamParserAccumulator.m */ = {isa = PBXFileReference; fileEncoding = 4; lastKnownFileType = sourcecode.c.objc; path = SBJsonStreamParserAccumulator.m; sourceTree = "<group>"; };
		9CF817571421462B00D95E24 /* SBJsonStreamParserAdapter.h */ = {isa = PBXFileReference; fileEncoding = 4; lastKnownFileType = sourcecode.c.h; path = SBJsonStreamParserAdapter.h; sourceTree = "<group>"; };
		9CF817581421462B00D95E24 /* SBJsonStreamParserAdapter.m */ = {isa = PBXFileReference; fileEncoding = 4; lastKnownFileType = sourcecode.c.objc; path = SBJsonStreamParserAdapter.m; sourceTree = "<group>"; };
		9CF817591421462B00D95E24 /* SBJsonStreamParserState.h */ = {isa = PBXFileReference; fileEncoding = 4; lastKnownFileType = sourcecode.c.h; path = SBJsonStreamParserState.h; sourceTree = "<group>"; };
		9CF8175A1421462B00D95E24 /* SBJsonStreamParserState.m */ = {isa = PBXFileReference; fileEncoding = 4; lastKnownFileType = sourcecode.c.objc; path = SBJsonStreamParserState.m; sourceTree = "<group>"; };
		9CF8175B1421462B00D95E24 /* SBJsonStreamWriter.h */ = {isa = PBXFileReference; fileEncoding = 4; lastKnownFileType = sourcecode.c.h; path = SBJsonStreamWriter.h; sourceTree = "<group>"; };
		9CF8175C1421462B00D95E24 /* SBJsonStreamWriter.m */ = {isa = PBXFileReference; fileEncoding = 4; lastKnownFileType = sourcecode.c.objc; path = SBJsonStreamWriter.m; sourceTree = "<group>"; };
		9CF8175D1421462B00D95E24 /* SBJsonStreamWriterAccumulator.h */ = {isa = PBXFileReference; fileEncoding = 4; lastKnownFileType = sourcecode.c.h; path = SBJsonStreamWriterAccumulator.h; sourceTree = "<group>"; };
		9CF8175E1421462B00D95E24 /* SBJsonStreamWriterAccumulator.m */ = {isa = PBXFileReference; fileEncoding = 4; lastKnownFileType = sourcecode.c.objc; path = SBJsonStreamWriterAccumulator.m; sourceTree = "<group>"; };
		9CF8175F1421462B00D95E24 /* SBJsonStreamWriterState.h */ = {isa = PBXFileReference; fileEncoding = 4; lastKnownFileType = sourcecode.c.h; path = SBJsonStreamWriterState.h; sourceTree = "<group>"; };
		9CF817601421462B00D95E24 /* SBJsonStreamWriterState.m */ = {isa = PBXFileReference; fileEncoding = 4; lastKnownFileType = sourcecode.c.objc; path = SBJsonStreamWriterState.m; sourceTree = "<group>"; };
		9CF817611421462B00D95E24 /* SBJsonTokeniser.h */ = {isa = PBXFileReference; fileEncoding = 4; lastKnownFileType = sourcecode.c.h; path = SBJsonTokeniser.h; sourceTree = "<group>"; };
		9CF817621421462B00D95E24 /* SBJsonTokeniser.m */ = {isa = PBXFileReference; fileEncoding = 4; lastKnownFileType = sourcecode.c.objc; path = SBJsonTokeniser.m; sourceTree = "<group>"; };
		9CF817631421462B00D95E24 /* SBJsonUTF8Stream.h */ = {isa = PBXFileReference; fileEncoding = 4; lastKnownFileType = sourcecode.c.h; path = SBJsonUTF8Stream.h; sourceTree = "<group>"; };
		9CF817641421462B00D95E24 /* SBJsonUTF8Stream.m */ = {isa = PBXFileReference; fileEncoding = 4; lastKnownFileType = sourcecode.c.objc; path = SBJsonUTF8Stream.m; sourceTree = "<group>"; };
		9CF817651421462B00D95E24 /* SBJsonWriter.h */ = {isa = PBXFileReference; fileEncoding = 4; lastKnownFileType = sourcecode.c.h; path = SBJsonWriter.h; sourceTree = "<group>"; };
		9CF817661421462B00D95E24 /* SBJsonWriter.m */ = {isa = PBXFileReference; fileEncoding = 4; lastKnownFileType = sourcecode.c.objc; path = SBJsonWriter.m; sourceTree = "<group>"; };
		C93E83A6142431A9001FD5CE /* Icon.png */ = {isa = PBXFileReference; lastKnownFileType = image.png; path = Icon.png; sourceTree = "<group>"; };
		C93E83A7142431A9001FD5CE /* Icon@2x.png */ = {isa = PBXFileReference; lastKnownFileType = image.png; path = "Icon@2x.png"; sourceTree = "<group>"; };
/* End PBXFileReference section */

/* Begin PBXFrameworksBuildPhase section */
		9C89559514193B1400F146A5 /* Frameworks */ = {
			isa = PBXFrameworksBuildPhase;
			buildActionMask = 2147483647;
			files = (
				9C89559D14193B1400F146A5 /* UIKit.framework in Frameworks */,
				9C89559F14193B1400F146A5 /* Foundation.framework in Frameworks */,
				9C41797B1422F9C800D117CE /* libVenmo.a in Frameworks */,
			);
			runOnlyForDeploymentPostprocessing = 0;
		};
		9C8955B314193B1500F146A5 /* Frameworks */ = {
			isa = PBXFrameworksBuildPhase;
			buildActionMask = 2147483647;
			files = (
				9C8955B914193B1500F146A5 /* SenTestingKit.framework in Frameworks */,
				9C8955BA14193B1500F146A5 /* UIKit.framework in Frameworks */,
				9C8955BB14193B1500F146A5 /* Foundation.framework in Frameworks */,
			);
			runOnlyForDeploymentPostprocessing = 0;
		};
/* End PBXFrameworksBuildPhase section */

/* Begin PBXGroup section */
		9C89558D14193B1400F146A5 = {
			isa = PBXGroup;
			children = (
				9C99D207142431CD006FE8CA /* README.md */,
				9C8955A014193B1400F146A5 /* DrinksOnMe */,
				9CF8174D1421462B00D95E24 /* SBJson_Classes */,
				9C8955BE14193B1500F146A5 /* DrinksOnMeTests */,
				9CC702DC1422807300E7D0B8 /* Libraries */,
				9C89559B14193B1400F146A5 /* Frameworks */,
				9C89559914193B1400F146A5 /* Products */,
				C93E83A5142431A9001FD5CE /* Resources */,
			);
			sourceTree = "<group>";
		};
		9C89559914193B1400F146A5 /* Products */ = {
			isa = PBXGroup;
			children = (
				9C89559814193B1400F146A5 /* DrinksOnMe.app */,
				9C8955B714193B1500F146A5 /* DrinksOnMeTests.octest */,
			);
			name = Products;
			sourceTree = "<group>";
		};
		9C89559B14193B1400F146A5 /* Frameworks */ = {
			isa = PBXGroup;
			children = (
				9C89559C14193B1400F146A5 /* UIKit.framework */,
				9C89559E14193B1400F146A5 /* Foundation.framework */,
				9C8955B814193B1500F146A5 /* SenTestingKit.framework */,
			);
			name = Frameworks;
			sourceTree = "<group>";
		};
		9C8955A014193B1400F146A5 /* DrinksOnMe */ = {
			isa = PBXGroup;
			children = (
				9C8955A914193B1500F146A5 /* AppDelegate.h */,
				9C8955AA14193B1500F146A5 /* AppDelegate.m */,
				9C8955E514193F2600F146A5 /* Controllers */,
				9CA98F5E141FFAE700E5E7F3 /* Views */,
				9C8955E914193F4300F146A5 /* Models */,
				9C8955A114193B1500F146A5 /* Supporting Files */,
			);
			path = DrinksOnMe;
			sourceTree = "<group>";
		};
		9C8955A114193B1500F146A5 /* Supporting Files */ = {
			isa = PBXGroup;
			children = (
				9C0D6809142194C00027BC0F /* HelperFunctions.h */,
				9C0D680A142194C00027BC0F /* HelperFunctions.m */,
				9C8955A214193B1500F146A5 /* DrinksOnMe-Info.plist */,
				9C8955A614193B1500F146A5 /* main.m */,
				9C8955A814193B1500F146A5 /* DrinksOnMe-Prefix.pch */,
				9C4179681422D6A200D117CE /* AppConstants.h */,
			);
			path = "Supporting Files";
			sourceTree = "<group>";
		};
		9C8955BE14193B1500F146A5 /* DrinksOnMeTests */ = {
			isa = PBXGroup;
			children = (
				9C8955C414193B1500F146A5 /* DrinksOnMeTests.h */,
				9C8955C514193B1500F146A5 /* DrinksOnMeTests.m */,
				9C8955BF14193B1500F146A5 /* Supporting Files */,
			);
			path = DrinksOnMeTests;
			sourceTree = "<group>";
		};
		9C8955BF14193B1500F146A5 /* Supporting Files */ = {
			isa = PBXGroup;
			children = (
				9C8955C014193B1500F146A5 /* DrinksOnMeTests-Info.plist */,
			);
			path = "Supporting Files";
			sourceTree = "<group>";
		};
		9C8955E514193F2600F146A5 /* Controllers */ = {
			isa = PBXGroup;
			children = (
				9C8955E614193F2600F146A5 /* NavigationController.h */,
				9C8955E714193F2600F146A5 /* NavigationController.m */,
				9C8955FA1419474C00F146A5 /* LoginViewController.h */,
				9C8955FB1419474C00F146A5 /* LoginViewController.m */,
				9C8955F4141944AC00F146A5 /* FriendsViewController.h */,
				9C8955F5141944AC00F146A5 /* FriendsViewController.m */,
				9C8955F7141944D100F146A5 /* VenueViewController.h */,
				9C8955F8141944D100F146A5 /* VenueViewController.m */,
				9C5AE2B0141C06F900FD2BE0 /* FriendsView.xib */,
			);
			path = Controllers;
			sourceTree = "<group>";
		};
		9C8955E914193F4300F146A5 /* Models */ = {
			isa = PBXGroup;
			children = (
				9CA98F62141FFEEE00E5E7F3 /* User.h */,
				9CA98F63141FFEEE00E5E7F3 /* User.m */,
				9C4179761422E88400D117CE /* UserDetailDataGetter.h */,
				9C4179771422E88400D117CE /* UserDetailDataGetter.m */,
				9C15EA241423A635000CED8F /* VenmoUsernameGetter.h */,
				9C15EA251423A635000CED8F /* VenmoUsernameGetter.m */,
				9CA98F9614200CAC00E5E7F3 /* FriendDataGetter.h */,
				9CA98F9714200CAC00E5E7F3 /* FriendDataGetter.m */,
				9C0D680C1421A8880027BC0F /* VenueCheckinsDataGetter.h */,
				9C0D680D1421A8880027BC0F /* VenueCheckinsDataGetter.m */,
			);
			path = Models;
			sourceTree = "<group>";
		};
		9CA98F5E141FFAE700E5E7F3 /* Views */ = {
			isa = PBXGroup;
			children = (
				9CA98F5F141FFBFF00E5E7F3 /* FriendsCell.h */,
				9CA98F60141FFBFF00E5E7F3 /* FriendsCell.m */,
			);
			name = Views;
			sourceTree = "<group>";
		};
		9CC702DC1422807300E7D0B8 /* Libraries */ = {
			isa = PBXGroup;
			children = (
				9CC702C714227F2300E7D0B8 /* Venmo.xcodeproj */,
			);
			path = Libraries;
			sourceTree = "<group>";
		};
		9CC702E7142280AB00E7D0B8 /* Products */ = {
			isa = PBXGroup;
			children = (
				9CC702ED142280AB00E7D0B8 /* libVenmo.a */,
				9CC702F1142280AB00E7D0B8 /* VenmoApp.app */,
				9CC702EF142280AB00E7D0B8 /* VenmoSpecs.octest */,
			);
			name = Products;
			sourceTree = "<group>";
		};
		9CF8174D1421462B00D95E24 /* SBJson_Classes */ = {
			isa = PBXGroup;
			children = (
				9CF8174E1421462B00D95E24 /* NSObject+SBJson.h */,
				9CF8174F1421462B00D95E24 /* NSObject+SBJson.m */,
				9CF817501421462B00D95E24 /* SBJson.h */,
				9CF817511421462B00D95E24 /* SBJsonParser.h */,
				9CF817521421462B00D95E24 /* SBJsonParser.m */,
				9CF817531421462B00D95E24 /* SBJsonStreamParser.h */,
				9CF817541421462B00D95E24 /* SBJsonStreamParser.m */,
				9CF817551421462B00D95E24 /* SBJsonStreamParserAccumulator.h */,
				9CF817561421462B00D95E24 /* SBJsonStreamParserAccumulator.m */,
				9CF817571421462B00D95E24 /* SBJsonStreamParserAdapter.h */,
				9CF817581421462B00D95E24 /* SBJsonStreamParserAdapter.m */,
				9CF817591421462B00D95E24 /* SBJsonStreamParserState.h */,
				9CF8175A1421462B00D95E24 /* SBJsonStreamParserState.m */,
				9CF8175B1421462B00D95E24 /* SBJsonStreamWriter.h */,
				9CF8175C1421462B00D95E24 /* SBJsonStreamWriter.m */,
				9CF8175D1421462B00D95E24 /* SBJsonStreamWriterAccumulator.h */,
				9CF8175E1421462B00D95E24 /* SBJsonStreamWriterAccumulator.m */,
				9CF8175F1421462B00D95E24 /* SBJsonStreamWriterState.h */,
				9CF817601421462B00D95E24 /* SBJsonStreamWriterState.m */,
				9CF817611421462B00D95E24 /* SBJsonTokeniser.h */,
				9CF817621421462B00D95E24 /* SBJsonTokeniser.m */,
				9CF817631421462B00D95E24 /* SBJsonUTF8Stream.h */,
				9CF817641421462B00D95E24 /* SBJsonUTF8Stream.m */,
				9CF817651421462B00D95E24 /* SBJsonWriter.h */,
				9CF817661421462B00D95E24 /* SBJsonWriter.m */,
			);
			name = SBJson_Classes;
			path = DrinksOnMe/SBJson_Classes;
			sourceTree = "<group>";
		};
		C93E83A5142431A9001FD5CE /* Resources */ = {
			isa = PBXGroup;
			children = (
				C93E83A6142431A9001FD5CE /* Icon.png */,
				C93E83A7142431A9001FD5CE /* Icon@2x.png */,
			);
			path = Resources;
			sourceTree = "<group>";
		};
/* End PBXGroup section */

/* Begin PBXNativeTarget section */
		9C89559714193B1400F146A5 /* DrinksOnMe */ = {
			isa = PBXNativeTarget;
			buildConfigurationList = 9C8955C914193B1500F146A5 /* Build configuration list for PBXNativeTarget "DrinksOnMe" */;
			buildPhases = (
				9C89559414193B1400F146A5 /* Sources */,
				9C89559514193B1400F146A5 /* Frameworks */,
				9C89559614193B1400F146A5 /* Resources */,
			);
			buildRules = (
			);
			dependencies = (
				9C41797A1422F8B900D117CE /* PBXTargetDependency */,
			);
			name = DrinksOnMe;
			productName = DrinksOnMe;
			productReference = 9C89559814193B1400F146A5 /* DrinksOnMe.app */;
			productType = "com.apple.product-type.application";
		};
		9C8955B614193B1500F146A5 /* DrinksOnMeTests */ = {
			isa = PBXNativeTarget;
			buildConfigurationList = 9C8955CC14193B1500F146A5 /* Build configuration list for PBXNativeTarget "DrinksOnMeTests" */;
			buildPhases = (
				9C8955B214193B1500F146A5 /* Sources */,
				9C8955B314193B1500F146A5 /* Frameworks */,
				9C8955B414193B1500F146A5 /* Resources */,
				9C8955B514193B1500F146A5 /* ShellScript */,
			);
			buildRules = (
			);
			dependencies = (
				9C8955BD14193B1500F146A5 /* PBXTargetDependency */,
			);
			name = DrinksOnMeTests;
			productName = DrinksOnMeTests;
			productReference = 9C8955B714193B1500F146A5 /* DrinksOnMeTests.octest */;
			productType = "com.apple.product-type.bundle";
		};
/* End PBXNativeTarget section */

/* Begin PBXProject section */
		9C89558F14193B1400F146A5 /* Project object */ = {
			isa = PBXProject;
			attributes = {
				LastUpgradeCheck = 0420;
			};
			buildConfigurationList = 9C89559214193B1400F146A5 /* Build configuration list for PBXProject "DrinksOnMe" */;
			compatibilityVersion = "Xcode 3.2";
			developmentRegion = English;
			hasScannedForEncodings = 0;
			knownRegions = (
				en,
			);
			mainGroup = 9C89558D14193B1400F146A5;
			productRefGroup = 9C89559914193B1400F146A5 /* Products */;
			projectDirPath = "";
			projectReferences = (
				{
					ProductGroup = 9CC702E7142280AB00E7D0B8 /* Products */;
					ProjectRef = 9CC702C714227F2300E7D0B8 /* Venmo.xcodeproj */;
				},
			);
			projectRoot = "";
			targets = (
				9C89559714193B1400F146A5 /* DrinksOnMe */,
				9C8955B614193B1500F146A5 /* DrinksOnMeTests */,
			);
		};
/* End PBXProject section */

/* Begin PBXReferenceProxy section */
		9CC702ED142280AB00E7D0B8 /* libVenmo.a */ = {
			isa = PBXReferenceProxy;
			fileType = archive.ar;
			path = libVenmo.a;
			remoteRef = 9CC702EC142280AB00E7D0B8 /* PBXContainerItemProxy */;
			sourceTree = BUILT_PRODUCTS_DIR;
		};
		9CC702EF142280AB00E7D0B8 /* VenmoSpecs.octest */ = {
			isa = PBXReferenceProxy;
			fileType = wrapper.cfbundle;
			path = VenmoSpecs.octest;
			remoteRef = 9CC702EE142280AB00E7D0B8 /* PBXContainerItemProxy */;
			sourceTree = BUILT_PRODUCTS_DIR;
		};
		9CC702F1142280AB00E7D0B8 /* VenmoApp.app */ = {
			isa = PBXReferenceProxy;
			fileType = wrapper.application;
			path = VenmoApp.app;
			remoteRef = 9CC702F0142280AB00E7D0B8 /* PBXContainerItemProxy */;
			sourceTree = BUILT_PRODUCTS_DIR;
		};
/* End PBXReferenceProxy section */

/* Begin PBXResourcesBuildPhase section */
		9C89559614193B1400F146A5 /* Resources */ = {
			isa = PBXResourcesBuildPhase;
			buildActionMask = 2147483647;
			files = (
				C93E83A8142431A9001FD5CE /* Icon.png in Resources */,
				C93E83A9142431A9001FD5CE /* Icon@2x.png in Resources */,
			);
			runOnlyForDeploymentPostprocessing = 0;
		};
		9C8955B414193B1500F146A5 /* Resources */ = {
			isa = PBXResourcesBuildPhase;
			buildActionMask = 2147483647;
			files = (
			);
			runOnlyForDeploymentPostprocessing = 0;
		};
/* End PBXResourcesBuildPhase section */

/* Begin PBXShellScriptBuildPhase section */
		9C8955B514193B1500F146A5 /* ShellScript */ = {
			isa = PBXShellScriptBuildPhase;
			buildActionMask = 2147483647;
			files = (
			);
			inputPaths = (
			);
			outputPaths = (
			);
			runOnlyForDeploymentPostprocessing = 0;
			shellPath = /bin/sh;
			shellScript = "# Run the unit tests in this test bundle.\n\"${SYSTEM_DEVELOPER_DIR}/Tools/RunUnitTests\"\n";
		};
/* End PBXShellScriptBuildPhase section */

/* Begin PBXSourcesBuildPhase section */
		9C89559414193B1400F146A5 /* Sources */ = {
			isa = PBXSourcesBuildPhase;
			buildActionMask = 2147483647;
			files = (
				9C8955A714193B1500F146A5 /* main.m in Sources */,
				9C8955AB14193B1500F146A5 /* AppDelegate.m in Sources */,
				9C8955E814193F2600F146A5 /* NavigationController.m in Sources */,
				9C8955F6141944AC00F146A5 /* FriendsViewController.m in Sources */,
				9C8955F9141944D100F146A5 /* VenueViewController.m in Sources */,
				9C8955FC1419474D00F146A5 /* LoginViewController.m in Sources */,
				9CA98F61141FFBFF00E5E7F3 /* FriendsCell.m in Sources */,
				9CA98F64141FFEEE00E5E7F3 /* User.m in Sources */,
				9CA98F9814200CAC00E5E7F3 /* FriendDataGetter.m in Sources */,
				9CF817671421462B00D95E24 /* NSObject+SBJson.m in Sources */,
				9CF817681421462B00D95E24 /* SBJsonParser.m in Sources */,
				9CF817691421462B00D95E24 /* SBJsonStreamParser.m in Sources */,
				9CF8176A1421462B00D95E24 /* SBJsonStreamParserAccumulator.m in Sources */,
				9CF8176B1421462B00D95E24 /* SBJsonStreamParserAdapter.m in Sources */,
				9CF8176C1421462B00D95E24 /* SBJsonStreamParserState.m in Sources */,
				9CF8176D1421462B00D95E24 /* SBJsonStreamWriter.m in Sources */,
				9CF8176E1421462B00D95E24 /* SBJsonStreamWriterAccumulator.m in Sources */,
				9CF8176F1421462B00D95E24 /* SBJsonStreamWriterState.m in Sources */,
				9CF817701421462B00D95E24 /* SBJsonTokeniser.m in Sources */,
				9CF817711421462B00D95E24 /* SBJsonUTF8Stream.m in Sources */,
				9CF817721421462B00D95E24 /* SBJsonWriter.m in Sources */,
				9C0D680B142194C00027BC0F /* HelperFunctions.m in Sources */,
				9C0D680E1421A8880027BC0F /* VenueCheckinsDataGetter.m in Sources */,
				9C4179781422E88400D117CE /* UserDetailDataGetter.m in Sources */,
				9C15EA261423A635000CED8F /* VenmoUsernameGetter.m in Sources */,
			);
			runOnlyForDeploymentPostprocessing = 0;
		};
		9C8955B214193B1500F146A5 /* Sources */ = {
			isa = PBXSourcesBuildPhase;
			buildActionMask = 2147483647;
			files = (
				9C8955C614193B1500F146A5 /* DrinksOnMeTests.m in Sources */,
			);
			runOnlyForDeploymentPostprocessing = 0;
		};
/* End PBXSourcesBuildPhase section */

/* Begin PBXTargetDependency section */
		9C41797A1422F8B900D117CE /* PBXTargetDependency */ = {
			isa = PBXTargetDependency;
			name = Venmo;
			targetProxy = 9C4179791422F8B900D117CE /* PBXContainerItemProxy */;
		};
		9C8955BD14193B1500F146A5 /* PBXTargetDependency */ = {
			isa = PBXTargetDependency;
			target = 9C89559714193B1400F146A5 /* DrinksOnMe */;
			targetProxy = 9C8955BC14193B1500F146A5 /* PBXContainerItemProxy */;
		};
/* End PBXTargetDependency section */

/* Begin XCBuildConfiguration section */
		9C8955C714193B1500F146A5 /* Debug */ = {
			isa = XCBuildConfiguration;
			buildSettings = {
				ALWAYS_SEARCH_USER_PATHS = NO;
				ARCHS = "$(ARCHS_STANDARD_32_BIT)";
				CLANG_ENABLE_OBJC_ARC = YES;
				"CODE_SIGN_IDENTITY[sdk=iphoneos*]" = "iPhone Developer";
				COPY_PHASE_STRIP = NO;
				GCC_C_LANGUAGE_STANDARD = gnu99;
				GCC_DYNAMIC_NO_PIC = NO;
				GCC_OPTIMIZATION_LEVEL = 0;
				GCC_PREPROCESSOR_DEFINITIONS = (
					"DEBUG=1",
					"$(inherited)",
				);
				GCC_SYMBOLS_PRIVATE_EXTERN = NO;
				GCC_VERSION = com.apple.compilers.llvm.clang.1_0;
				GCC_WARN_ABOUT_MISSING_PROTOTYPES = YES;
				GCC_WARN_ABOUT_RETURN_TYPE = YES;
				GCC_WARN_UNUSED_VARIABLE = YES;
				IPHONEOS_DEPLOYMENT_TARGET = 5.0;
				SDKROOT = iphoneos;
			};
			name = Debug;
		};
		9C8955C814193B1500F146A5 /* Release */ = {
			isa = XCBuildConfiguration;
			buildSettings = {
				ALWAYS_SEARCH_USER_PATHS = NO;
				ARCHS = "$(ARCHS_STANDARD_32_BIT)";
				CLANG_ENABLE_OBJC_ARC = YES;
				"CODE_SIGN_IDENTITY[sdk=iphoneos*]" = "iPhone Developer";
				COPY_PHASE_STRIP = YES;
				GCC_C_LANGUAGE_STANDARD = gnu99;
				GCC_VERSION = com.apple.compilers.llvm.clang.1_0;
				GCC_WARN_ABOUT_MISSING_PROTOTYPES = YES;
				GCC_WARN_ABOUT_RETURN_TYPE = YES;
				GCC_WARN_UNUSED_VARIABLE = YES;
				IPHONEOS_DEPLOYMENT_TARGET = 5.0;
				OTHER_CFLAGS = "-DNS_BLOCK_ASSERTIONS=1";
				SDKROOT = iphoneos;
				VALIDATE_PRODUCT = YES;
			};
			name = Release;
		};
		9C8955CA14193B1500F146A5 /* Debug */ = {
			isa = XCBuildConfiguration;
			buildSettings = {
				GCC_PRECOMPILE_PREFIX_HEADER = YES;
				GCC_PREFIX_HEADER = "DrinksOnMe/Supporting Files/DrinksOnMe-Prefix.pch";
				HEADER_SEARCH_PATHS = Libraries/Venmo;
				IBC_PLUGIN_SEARCH_PATHS = Libraries/Venmo;
				INFOPLIST_FILE = "DrinksOnMe/Supporting Files/DrinksOnMe-Info.plist";
				IPHONEOS_DEPLOYMENT_TARGET = 4.3;
				OTHER_LDFLAGS = (
					"-ObjC",
					"-force_load",
					"${BUILT_PRODUCTS_DIR}/libVenmo.a",
				);
				PRODUCT_NAME = "$(TARGET_NAME)";
				WRAPPER_EXTENSION = app;
			};
			name = Debug;
		};
		9C8955CB14193B1500F146A5 /* Release */ = {
			isa = XCBuildConfiguration;
			buildSettings = {
				GCC_PRECOMPILE_PREFIX_HEADER = YES;
				GCC_PREFIX_HEADER = "DrinksOnMe/Supporting Files/DrinksOnMe-Prefix.pch";
				HEADER_SEARCH_PATHS = Libraries/Venmo;
				IBC_PLUGIN_SEARCH_PATHS = Libraries/Venmo;
				INFOPLIST_FILE = "DrinksOnMe/Supporting Files/DrinksOnMe-Info.plist";
				IPHONEOS_DEPLOYMENT_TARGET = 4.3;
				OTHER_LDFLAGS = (
					"-ObjC",
					"-force_load",
					"${BUILT_PRODUCTS_DIR}/libVenmo.a",
				);
				PRODUCT_NAME = "$(TARGET_NAME)";
				WRAPPER_EXTENSION = app;
			};
			name = Release;
		};
		9C8955CD14193B1500F146A5 /* Debug */ = {
			isa = XCBuildConfiguration;
			buildSettings = {
				BUNDLE_LOADER = "$(BUILT_PRODUCTS_DIR)/DrinksOnMe.app/DrinksOnMe";
				FRAMEWORK_SEARCH_PATHS = (
					"$(SDKROOT)/Developer/Library/Frameworks",
					"$(DEVELOPER_LIBRARY_DIR)/Frameworks",
				);
				GCC_PRECOMPILE_PREFIX_HEADER = YES;
				GCC_PREFIX_HEADER = "DrinksOnMe/DrinksOnMe-Prefix.pch";
				INFOPLIST_FILE = "DrinksOnMeTests/DrinksOnMeTests-Info.plist";
				PRODUCT_NAME = "$(TARGET_NAME)";
				TEST_HOST = "$(BUNDLE_LOADER)";
				WRAPPER_EXTENSION = octest;
			};
			name = Debug;
		};
		9C8955CE14193B1500F146A5 /* Release */ = {
			isa = XCBuildConfiguration;
			buildSettings = {
				BUNDLE_LOADER = "$(BUILT_PRODUCTS_DIR)/DrinksOnMe.app/DrinksOnMe";
				FRAMEWORK_SEARCH_PATHS = (
					"$(SDKROOT)/Developer/Library/Frameworks",
					"$(DEVELOPER_LIBRARY_DIR)/Frameworks",
				);
				GCC_PRECOMPILE_PREFIX_HEADER = YES;
				GCC_PREFIX_HEADER = "DrinksOnMe/DrinksOnMe-Prefix.pch";
				INFOPLIST_FILE = "DrinksOnMeTests/DrinksOnMeTests-Info.plist";
				PRODUCT_NAME = "$(TARGET_NAME)";
				TEST_HOST = "$(BUNDLE_LOADER)";
				WRAPPER_EXTENSION = octest;
			};
			name = Release;
		};
/* End XCBuildConfiguration section */

/* Begin XCConfigurationList section */
		9C89559214193B1400F146A5 /* Build configuration list for PBXProject "DrinksOnMe" */ = {
			isa = XCConfigurationList;
			buildConfigurations = (
				9C8955C714193B1500F146A5 /* Debug */,
				9C8955C814193B1500F146A5 /* Release */,
			);
			defaultConfigurationIsVisible = 0;
			defaultConfigurationName = Release;
		};
		9C8955C914193B1500F146A5 /* Build configuration list for PBXNativeTarget "DrinksOnMe" */ = {
			isa = XCConfigurationList;
			buildConfigurations = (
				9C8955CA14193B1500F146A5 /* Debug */,
				9C8955CB14193B1500F146A5 /* Release */,
			);
			defaultConfigurationIsVisible = 0;
			defaultConfigurationName = Release;
		};
		9C8955CC14193B1500F146A5 /* Build configuration list for PBXNativeTarget "DrinksOnMeTests" */ = {
			isa = XCConfigurationList;
			buildConfigurations = (
				9C8955CD14193B1500F146A5 /* Debug */,
				9C8955CE14193B1500F146A5 /* Release */,
			);
			defaultConfigurationIsVisible = 0;
			defaultConfigurationName = Release;
		};
/* End XCConfigurationList section */
	};
	rootObject = 9C89558F14193B1400F146A5 /* Project object */;
}
